{
  "name": "@mserve/ngx-svg-canvas",
  "version": "0.0.1",
  "lockfileVersion": 1,
  "requires": true,
  "dependencies": {
    "angular-resize-event": {
      "version": "1.1.0",
      "resolved": "https://registry.npmjs.org/angular-resize-event/-/angular-resize-event-1.1.0.tgz",
      "integrity": "sha512-XIlR9dHiJpGgyFOfhDKzGpEUWuDWM61zWhU2PxnWcBaWKqrOduITCaNAgu3YUQN8Xthk/QiWL7O9Im0Y6ac46w==",
      "requires": {
        "css-element-queries": "1.2.0",
        "tslib": "^1.9.0"
      }
    },
    "css-element-queries": {
      "version": "1.2.0",
      "resolved": "https://registry.npmjs.org/css-element-queries/-/css-element-queries-1.2.0.tgz",
      "integrity": "sha512-4gaxpioSFueMcp9yj1TJFCLjfooGv38y6ZdwFUS3GuS+9NIVijdeiExXKwSIHoQDADfpgnaYSTzmJs+bV+Hehg=="
    },
    "downloadjs": {
      "version": "1.4.7",
      "resolved": "https://registry.npmjs.org/downloadjs/-/downloadjs-1.4.7.tgz",
      "integrity": "sha1-9p+W+UDg0FU9rCkROYZaPNAQHjw="
    },
    "hammerjs": {
      "version": "2.0.8",
      "resolved": "https://registry.npmjs.org/hammerjs/-/hammerjs-2.0.8.tgz",
      "integrity": "sha1-BO93hiz/K7edMPdpIJWTAiK/YPE="
    },
    "tslib": {
      "version": "1.10.0",
      "resolved": "https://registry.npmjs.org/tslib/-/tslib-1.10.0.tgz",
      "integrity": "sha512-qOebF53frne81cf0S9B41ByenJ3/IuH8yJKngAX35CmiZySA0khhkovshKK+jGCaMnVomla7gVlIcc3EvKPbTQ=="
    },
    "twojs-ts": {
      "version": "0.7.0",
      "resolved": "https://registry.npmjs.org/twojs-ts/-/twojs-ts-0.7.0.tgz",
      "integrity": "sha512-DUME4USPuRQDgv0Toa9yqizOcUKS37UahSlvbsP1dEt18xS2jwg032pdKJGRr/049xdl5nXxkq2OEb2o+BdbWQ=="
    }
  }
}
